
Microsoft Visual Studio Solution File, Format Version 12.00
# Visual Studio Version 17
VisualStudioVersion = 17.1.32104.313
MinimumVisualStudioVersion = 10.0.40219.1
Project("{FAE04EC0-301F-11D3-BF4B-00C04F79EFBC}") = "LastSystemProgramTask--Manager", "LastSystemProgramTask--Manager\LastSystemProgramTask--Manager.csproj", "{89A4194F-8C41-42FC-84B6-A5ABF609B079}"
EndProject
Global
	GlobalSection(SolutionConfigurationPlatforms) = preSolution
		Debug|Any CPU = Debug|Any CPU
		Release|Any CPU = Release|Any CPU
	EndGlobalSection
	GlobalSection(ProjectConfigurationPlatforms) = postSolution
		{89A4194F-8C41-42FC-84B6-A5ABF609B079}.Debug|Any CPU.ActiveCfg = Debug|Any CPU
		{89A4194F-8C41-42FC-84B6-A5ABF609B079}.Debug|Any CPU.Build.0 = Debug|Any CPU
		{89A4194F-8C41-42FC-84B6-A5ABF609B079}.Release|Any CPU.ActiveCfg = Release|Any CPU
		{89A4194F-8C41-42FC-84B6-A5ABF609B079}.Release|Any CPU.Build.0 = Release|Any CPU
	EndGlobalSection
	GlobalSection(SolutionProperties) = preSolution
		HideSolutionNode = FALSE
	EndGlobalSection
	GlobalSection(ExtensibilityGlobals) = postSolution
		SolutionGuid = {E3B5F991-73BF-4378-ABEE-B2EAEEB43C09}
	EndGlobalSection
EndGlobal
